
Microsoft Visual Studio Solution File, Format Version 12.00
# Visual Studio Version 16
VisualStudioVersion = 16.0.36227.6
MinimumVisualStudioVersion = 10.0.40219.1
Project("{FAE04EC0-301F-11D3-BF4B-00C04F79EFBC}") = "DbEscuela", "DbEscuela\DbEscuela.csproj", "{E2F4FD90-23AE-497D-B8BB-CB344D1F7092}"
EndProject
Global
	GlobalSection(SolutionConfigurationPlatforms) = preSolution
		Debug|Any CPU = Debug|Any CPU
		Release|Any CPU = Release|Any CPU
	EndGlobalSection
	GlobalSection(ProjectConfigurationPlatforms) = postSolution
		{E2F4FD90-23AE-497D-B8BB-CB344D1F7092}.Debug|Any CPU.ActiveCfg = Debug|Any CPU
		{E2F4FD90-23AE-497D-B8BB-CB344D1F7092}.Debug|Any CPU.Build.0 = Debug|Any CPU
		{E2F4FD90-23AE-497D-B8BB-CB344D1F7092}.Release|Any CPU.ActiveCfg = Release|Any CPU
		{E2F4FD90-23AE-497D-B8BB-CB344D1F7092}.Release|Any CPU.Build.0 = Release|Any CPU
	EndGlobalSection
	GlobalSection(SolutionProperties) = preSolution
		HideSolutionNode = FALSE
	EndGlobalSection
	GlobalSection(ExtensibilityGlobals) = postSolution
		SolutionGuid = {8522C9CD-72CA-47DC-BBB8-D93951748B3D}
	EndGlobalSection
EndGlobal
